// !$*UTF8*$!
{
	archiveVersion = 1;
	classes = {
	};
	objectVersion = 46;
	objects = {

/* Begin PBXBuildFile section */
		D8A4BDB51A30045C003F9D0A /* main.m in Sources */ = {isa = PBXBuildFile; fileRef = D8A4BDB41A30045C003F9D0A /* main.m */; };
		D8A4BDB81A30045C003F9D0A /* AppDelegate.m in Sources */ = {isa = PBXBuildFile; fileRef = D8A4BDB71A30045C003F9D0A /* AppDelegate.m */; };
		D8A4BDBB1A30045C003F9D0A /* ViewController.m in Sources */ = {isa = PBXBuildFile; fileRef = D8A4BDBA1A30045C003F9D0A /* ViewController.m */; };
		D8A4BDBE1A30045C003F9D0A /* Main.storyboard in Resources */ = {isa = PBXBuildFile; fileRef = D8A4BDBC1A30045C003F9D0A /* Main.storyboard */; };
		D8A4BDC01A30045C003F9D0A /* Images.xcassets in Resources */ = {isa = PBXBuildFile; fileRef = D8A4BDBF1A30045C003F9D0A /* Images.xcassets */; };
		D8A4BDC31A30045C003F9D0A /* LaunchScreen.xib in Resources */ = {isa = PBXBuildFile; fileRef = D8A4BDC11A30045C003F9D0A /* LaunchScreen.xib */; };
		D8A4BDCF1A30045D003F9D0A /* m34Tests.m in Sources */ = {isa = PBXBuildFile; fileRef = D8A4BDCE1A30045D003F9D0A /* m34Tests.m */; };
/* End PBXBuildFile section */

/* Begin PBXContainerItemProxy section */
		D8A4BDC91A30045D003F9D0A /* PBXContainerItemProxy */ = {
			isa = PBXContainerItemProxy;
			containerPortal = D8A4BDA71A30045C003F9D0A /* Project object */;
			proxyType = 1;
			remoteGlobalIDString = D8A4BDAE1A30045C003F9D0A;
			remoteInfo = m34;
		};
/* End PBXContainerItemProxy section */

/* Begin PBXFileReference section */
		D8A4BDAF1A30045C003F9D0A /* m34.app */ = {isa = PBXFileReference; explicitFileType = wrapper.application; includeInIndex = 0; path = m34.app; sourceTree = BUILT_PRODUCTS_DIR; };
		D8A4BDB31A30045C003F9D0A /* Info.plist */ = {isa = PBXFileReference; lastKnownFileType = text.plist.xml; path = Info.plist; sourceTree = "<group>"; };
		D8A4BDB41A30045C003F9D0A /* main.m */ = {isa = PBXFileReference; lastKnownFileType = sourcecode.c.objc; path = main.m; sourceTree = "<group>"; };
		D8A4BDB61A30045C003F9D0A /* AppDelegate.h */ = {isa = PBXFileReference; lastKnownFileType = sourcecode.c.h; path = AppDelegate.h; sourceTree = "<group>"; };
		D8A4BDB71A30045C003F9D0A /* AppDelegate.m */ = {isa = PBXFileReference; lastKnownFileType = sourcecode.c.objc; path = AppDelegate.m; sourceTree = "<group>"; };
		D8A4BDB91A30045C003F9D0A /* ViewController.h */ = {isa = PBXFileReference; lastKnownFileType = sourcecode.c.h; path = ViewController.h; sourceTree = "<group>"; };
		D8A4BDBA1A30045C003F9D0A /* ViewController.m */ = {isa = PBXFileReference; lastKnownFileType = sourcecode.c.objc; path = ViewController.m; sourceTree = "<group>"; };
		D8A4BDBD1A30045C003F9D0A /* Base */ = {isa = PBXFileReference; lastKnownFileType = file.storyboard; name = Base; path = Base.lproj/Main.storyboard; sourceTree = "<group>"; };
		D8A4BDBF1A30045C003F9D0A /* Images.xcassets */ = {isa = PBXFileReference; lastKnownFileType = folder.assetcatalog; path = Images.xcassets; sourceTree = "<group>"; };
		D8A4BDC21A30045C003F9D0A /* Base */ = {isa = PBXFileReference; lastKnownFileType = file.xib; name = Base; path = Base.lproj/LaunchScreen.xib; sourceTree = "<group>"; };
		D8A4BDC81A30045D003F9D0A /* m34Tests.xctest */ = {isa = PBXFileReference; explicitFileType = wrapper.cfbundle; includeInIndex = 0; path = m34Tests.xctest; sourceTree = BUILT_PRODUCTS_DIR; };
		D8A4BDCD1A30045D003F9D0A /* Info.plist */ = {isa = PBXFileReference; lastKnownFileType = text.plist.xml; path = Info.plist; sourceTree = "<group>"; };
		D8A4BDCE1A30045D003F9D0A /* m34Tests.m */ = {isa = PBXFileReference; lastKnownFileType = sourcecode.c.objc; path = m34Tests.m; sourceTree = "<group>"; };
/* End PBXFileReference section */

/* Begin PBXFrameworksBuildPhase section */
		D8A4BDAC1A30045C003F9D0A /* Frameworks */ = {
			isa = PBXFrameworksBuildPhase;
			buildActionMask = 2147483647;
			files = (
			);
			runOnlyForDeploymentPostprocessing = 0;
		};
		D8A4BDC51A30045D003F9D0A /* Frameworks */ = {
			isa = PBXFrameworksBuildPhase;
			buildActionMask = 2147483647;
			files = (
			);
			runOnlyForDeploymentPostprocessing = 0;
		};
/* End PBXFrameworksBuildPhase section */

/* Begin PBXGroup section */
		D8A4BDA61A30045C003F9D0A = {
			isa = PBXGroup;
			children = (
				D8A4BDB11A30045C003F9D0A /* m34 */,
				D8A4BDCB1A30045D003F9D0A /* m34Tests */,
				D8A4BDB01A30045C003F9D0A /* Products */,
			);
			sourceTree = "<group>";
		};
		D8A4BDB01A30045C003F9D0A /* Products */ = {
			isa = PBXGroup;
			children = (
				D8A4BDAF1A30045C003F9D0A /* m34.app */,
				D8A4BDC81A30045D003F9D0A /* m34Tests.xctest */,
			);
			name = Products;
			sourceTree = "<group>";
		};
		D8A4BDB11A30045C003F9D0A /* m34 */ = {
			isa = PBXGroup;
			children = (
				D8A4BDB61A30045C003F9D0A /* AppDelegate.h */,
				D8A4BDB71A30045C003F9D0A /* AppDelegate.m */,
				D8A4BDB91A30045C003F9D0A /* ViewController.h */,
				D8A4BDBA1A30045C003F9D0A /* ViewController.m */,
				D8A4BDBC1A30045C003F9D0A /* Main.storyboard */,
				D8A4BDBF1A30045C003F9D0A /* Images.xcassets */,
				D8A4BDC11A30045C003F9D0A /* LaunchScreen.xib */,
				D8A4BDB21A30045C003F9D0A /* Supporting Files */,
			);
			path = m34;
			sourceTree = "<group>";
		};
		D8A4BDB21A30045C003F9D0A /* Supporting Files */ = {
			isa = PBXGroup;
			children = (
				D8A4BDB31A30045C003F9D0A /* Info.plist */,
				D8A4BDB41A30045C003F9D0A /* main.m */,
			);
			name = "Supporting Files";
			sourceTree = "<group>";
		};
		D8A4BDCB1A30045D003F9D0A /* m34Tests */ = {
			isa = PBXGroup;
			children = (
				D8A4BDCE1A30045D003F9D0A /* m34Tests.m */,
				D8A4BDCC1A30045D003F9D0A /* Supporting Files */,
			);
			path = m34Tests;
			sourceTree = "<group>";
		};
		D8A4BDCC1A30045D003F9D0A /* Supporting Files */ = {
			isa = PBXGroup;
			children = (
				D8A4BDCD1A30045D003F9D0A /* Info.plist */,
			);
			name = "Supporting Files";
			sourceTree = "<group>";
		};
/* End PBXGroup section */

/* Begin PBXNativeTarget section */
		D8A4BDAE1A30045C003F9D0A /* m34 */ = {
			isa = PBXNativeTarget;
			buildConfigurationList = D8A4BDD21A30045D003F9D0A /* Build configuration list for PBXNativeTarget "m34" */;
			buildPhases = (
				D8A4BDAB1A30045C003F9D0A /* Sources */,
				D8A4BDAC1A30045C003F9D0A /* Frameworks */,
				D8A4BDAD1A30045C003F9D0A /* Resources */,
			);
			buildRules = (
			);
			dependencies = (
			);
			name = m34;
			productName = m34;
			productReference = D8A4BDAF1A30045C003F9D0A /* m34.app */;
			productType = "com.apple.product-type.application";
		};
		D8A4BDC71A30045D003F9D0A /* m34Tests */ = {
			isa = PBXNativeTarget;
			buildConfigurationList = D8A4BDD51A30045D003F9D0A /* Build configuration list for PBXNativeTarget "m34Tests" */;
			buildPhases = (
				D8A4BDC41A30045D003F9D0A /* Sources */,
				D8A4BDC51A30045D003F9D0A /* Frameworks */,
				D8A4BDC61A30045D003F9D0A /* Resources */,
			);
			buildRules = (
			);
			dependencies = (
				D8A4BDCA1A30045D003F9D0A /* PBXTargetDependency */,
			);
			name = m34Tests;
			productName = m34Tests;
			productReference = D8A4BDC81A30045D003F9D0A /* m34Tests.xctest */;
			productType = "com.apple.product-type.bundle.unit-test";
		};
/* End PBXNativeTarget section */

/* Begin PBXProject section */
		D8A4BDA71A30045C003F9D0A /* Project object */ = {
			isa = PBXProject;
			attributes = {
				LastUpgradeCheck = 0610;
				ORGANIZATIONNAME = jinchen;
				TargetAttributes = {
					D8A4BDAE1A30045C003F9D0A = {
						CreatedOnToolsVersion = 6.1;
					};
					D8A4BDC71A30045D003F9D0A = {
						CreatedOnToolsVersion = 6.1;
						TestTargetID = D8A4BDAE1A30045C003F9D0A;
					};
				};
			};
			buildConfigurationList = D8A4BDAA1A30045C003F9D0A /* Build configuration list for PBXProject "m34" */;
			compatibilityVersion = "Xcode 3.2";
			developmentRegion = English;
			hasScannedForEncodings = 0;
			knownRegions = (
				en,
				Base,
			);
			mainGroup = D8A4BDA61A30045C003F9D0A;
			productRefGroup = D8A4BDB01A30045C003F9D0A /* Products */;
			projectDirPath = "";
			projectRoot = "";
			targets = (
				D8A4BDAE1A30045C003F9D0A /* m34 */,
				D8A4BDC71A30045D003F9D0A /* m34Tests */,
			);
		};
/* End PBXProject section */

/* Begin PBXResourcesBuildPhase section */
		D8A4BDAD1A30045C003F9D0A /* Resources */ = {
			isa = PBXResourcesBuildPhase;
			buildActionMask = 2147483647;
			files = (
				D8A4BDBE1A30045C003F9D0A /* Main.storyboard in Resources */,
				D8A4BDC31A30045C003F9D0A /* LaunchScreen.xib in Resources */,
				D8A4BDC01A30045C003F9D0A /* Images.xcassets in Resources */,
			);
			runOnlyForDeploymentPostprocessing = 0;
		};
		D8A4BDC61A30045D003F9D0A /* Resources */ = {
			isa = PBXResourcesBuildPhase;
			buildActionMask = 2147483647;
			files = (
			);
			runOnlyForDeploymentPostprocessing = 0;
		};
/* End PBXResourcesBuildPhase section */

/* Begin PBXSourcesBuildPhase section */
		D8A4BDAB1A30045C003F9D0A /* Sources */ = {
			isa = PBXSourcesBuildPhase;
			buildActionMask = 2147483647;
			files = (
				D8A4BDBB1A30045C003F9D0A /* ViewController.m in Sources */,
				D8A4BDB81A30045C003F9D0A /* AppDelegate.m in Sources */,
				D8A4BDB51A30045C003F9D0A /* main.m in Sources */,
			);
			runOnlyForDeploymentPostprocessing = 0;
		};
		D8A4BDC41A30045D003F9D0A /* Sources */ = {
			isa = PBXSourcesBuildPhase;
			buildActionMask = 2147483647;
			files = (
				D8A4BDCF1A30045D003F9D0A /* m34Tests.m in Sources */,
			);
			runOnlyForDeploymentPostprocessing = 0;
		};
/* End PBXSourcesBuildPhase section */

/* Begin PBXTargetDependency section */
		D8A4BDCA1A30045D003F9D0A /* PBXTargetDependency */ = {
			isa = PBXTargetDependency;
			target = D8A4BDAE1A30045C003F9D0A /* m34 */;
			targetProxy = D8A4BDC91A30045D003F9D0A /* PBXContainerItemProxy */;
		};
/* End PBXTargetDependency section */

/* Begin PBXVariantGroup section */
		D8A4BDBC1A30045C003F9D0A /* Main.storyboard */ = {
			isa = PBXVariantGroup;
			children = (
				D8A4BDBD1A30045C003F9D0A /* Base */,
			);
			name = Main.storyboard;
			sourceTree = "<group>";
		};
		D8A4BDC11A30045C003F9D0A /* LaunchScreen.xib */ = {
			isa = PBXVariantGroup;
			children = (
				D8A4BDC21A30045C003F9D0A /* Base */,
			);
			name = LaunchScreen.xib;
			sourceTree = "<group>";
		};
/* End PBXVariantGroup section */

/* Begin XCBuildConfiguration section */
		D8A4BDD01A30045D003F9D0A /* Debug */ = {
			isa = XCBuildConfiguration;
			buildSettings = {
				ALWAYS_SEARCH_USER_PATHS = NO;
				CLANG_CXX_LANGUAGE_STANDARD = "gnu++0x";
				CLANG_CXX_LIBRARY = "libc++";
				CLANG_ENABLE_MODULES = YES;
				CLANG_ENABLE_OBJC_ARC = YES;
				CLANG_WARN_BOOL_CONVERSION = YES;
				CLANG_WARN_CONSTANT_CONVERSION = YES;
				CLANG_WARN_DIRECT_OBJC_ISA_USAGE = YES_ERROR;
				CLANG_WARN_EMPTY_BODY = YES;
				CLANG_WARN_ENUM_CONVERSION = YES;
				CLANG_WARN_INT_CONVERSION = YES;
				CLANG_WARN_OBJC_ROOT_CLASS = YES_ERROR;
				CLANG_WARN_UNREACHABLE_CODE = YES;
				CLANG_WARN__DUPLICATE_METHOD_MATCH = YES;
				"CODE_SIGN_IDENTITY[sdk=iphoneos*]" = "iPhone Developer";
				COPY_PHASE_STRIP = NO;
				ENABLE_STRICT_OBJC_MSGSEND = YES;
				GCC_C_LANGUAGE_STANDARD = gnu99;
				GCC_DYNAMIC_NO_PIC = NO;
				GCC_OPTIMIZATION_LEVEL = 0;
				GCC_PREPROCESSOR_DEFINITIONS = (
					"DEBUG=1",
					"$(inherited)",
				);
				GCC_SYMBOLS_PRIVATE_EXTERN = NO;
				GCC_WARN_64_TO_32_BIT_CONVERSION = YES;
				GCC_WARN_ABOUT_RETURN_TYPE = YES_ERROR;
				GCC_WARN_UNDECLARED_SELECTOR = YES;
				GCC_WARN_UNINITIALIZED_AUTOS = YES_AGGRESSIVE;
				GCC_WARN_UNUSED_FUNCTION = YES;
				GCC_WARN_UNUSED_VARIABLE = YES;
				IPHONEOS_DEPLOYMENT_TARGET = 8.1;
				MTL_ENABLE_DEBUG_INFO = YES;
				ONLY_ACTIVE_ARCH = YES;
				SDKROOT = iphoneos;
			};
			name = Debug;
		};
		D8A4BDD11A30045D003F9D0A /* Release */ = {
			isa = XCBuildConfiguration;
			buildSettings = {
				ALWAYS_SEARCH_USER_PATHS = NO;
				CLANG_CXX_LANGUAGE_STANDARD = "gnu++0x";
				CLANG_CXX_LIBRARY = "libc++";
				CLANG_ENABLE_MODULES = YES;
				CLANG_ENABLE_OBJC_ARC = YES;
				CLANG_WARN_BOOL_CONVERSION = YES;
				CLANG_WARN_CONSTANT_CONVERSION = YES;
				CLANG_WARN_DIRECT_OBJC_ISA_USAGE = YES_ERROR;
				CLANG_WARN_EMPTY_BODY = YES;
				CLANG_WARN_ENUM_CONVERSION = YES;
				CLANG_WARN_INT_CONVERSION = YES;
				CLANG_WARN_OBJC_ROOT_CLASS = YES_ERROR;
				CLANG_WARN_UNREACHABLE_CODE = YES;
				CLANG_WARN__DUPLICATE_METHOD_MATCH = YES;
				"CODE_SIGN_IDENTITY[sdk=iphoneos*]" = "iPhone Developer";
				COPY_PHASE_STRIP = YES;
				ENABLE_NS_ASSERTIONS = NO;
				ENABLE_STRICT_OBJC_MSGSEND = YES;
				GCC_C_LANGUAGE_STANDARD = gnu99;
				GCC_WARN_64_TO_32_BIT_CONVERSION = YES;
				GCC_WARN_ABOUT_RETURN_TYPE = YES_ERROR;
				GCC_WARN_UNDECLARED_SELECTOR = YES;
				GCC_WARN_UNINITIALIZED_AUTOS = YES_AGGRESSIVE;
				GCC_WARN_UNUSED_FUNCTION = YES;
				GCC_WARN_UNUSED_VARIABLE = YES;
				IPHONEOS_DEPLOYMENT_TARGET = 8.1;
				MTL_ENABLE_DEBUG_INFO = NO;
				SDKROOT = iphoneos;
				VALIDATE_PRODUCT = YES;
			};
			name = Release;
		};
		D8A4BDD31A30045D003F9D0A /* Debug */ = {
			isa = XCBuildConfiguration;
			buildSettings = {
				ASSETCATALOG_COMPILER_APPICON_NAME = AppIcon;
				INFOPLIST_FILE = m34/Info.plist;
				LD_RUNPATH_SEARCH_PATHS = "$(inherited) @executable_path/Frameworks";
				PRODUCT_NAME = "$(TARGET_NAME)";
			};
			name = Debug;
		};
		D8A4BDD41A30045D003F9D0A /* Release */ = {
			isa = XCBuildConfiguration;
			buildSettings = {
				ASSETCATALOG_COMPILER_APPICON_NAME = AppIcon;
				INFOPLIST_FILE = m34/Info.plist;
				LD_RUNPATH_SEARCH_PATHS = "$(inherited) @executable_path/Frameworks";
				PRODUCT_NAME = "$(TARGET_NAME)";
			};
			name = Release;
		};
		D8A4BDD61A30045D003F9D0A /* Debug */ = {
			isa = XCBuildConfiguration;
			buildSettings = {
				BUNDLE_LOADER = "$(TEST_HOST)";
				FRAMEWORK_SEARCH_PATHS = (
					"$(SDKROOT)/Developer/Library/Frameworks",
					"$(inherited)",
				);
				GCC_PREPROCESSOR_DEFINITIONS = (
					"DEBUG=1",
					"$(inherited)",
				);
				INFOPLIST_FILE = m34Tests/Info.plist;
				LD_RUNPATH_SEARCH_PATHS = "$(inherited) @executable_path/Frameworks @loader_path/Frameworks";
				PRODUCT_NAME = "$(TARGET_NAME)";
				TEST_HOST = "$(BUILT_PRODUCTS_DIR)/m34.app/m34";
			};
			name = Debug;
		};
		D8A4BDD71A30045D003F9D0A /* Release */ = {
			isa = XCBuildConfiguration;
			buildSettings = {
				BUNDLE_LOADER = "$(TEST_HOST)";
				FRAMEWORK_SEARCH_PATHS = (
					"$(SDKROOT)/Developer/Library/Frameworks",
					"$(inherited)",
				);
				INFOPLIST_FILE = m34Tests/Info.plist;
				LD_RUNPATH_SEARCH_PATHS = "$(inherited) @executable_path/Frameworks @loader_path/Frameworks";
				PRODUCT_NAME = "$(TARGET_NAME)";
				TEST_HOST = "$(BUILT_PRODUCTS_DIR)/m34.app/m34";
			};
			name = Release;
		};
/* End XCBuildConfiguration section */

/* Begin XCConfigurationList section */
		D8A4BDAA1A30045C003F9D0A /* Build configuration list for PBXProject "m34" */ = {
			isa = XCConfigurationList;
			buildConfigurations = (
				D8A4BDD01A30045D003F9D0A /* Debug */,
				D8A4BDD11A30045D003F9D0A /* Release */,
			);
			defaultConfigurationIsVisible = 0;
			defaultConfigurationName = Release;
		};
		D8A4BDD21A30045D003F9D0A /* Build configuration list for PBXNativeTarget "m34" */ = {
			isa = XCConfigurationList;
			buildConfigurations = (
				D8A4BDD31A30045D003F9D0A /* Debug */,
				D8A4BDD41A30045D003F9D0A /* Release */,
			);
			defaultConfigurationIsVisible = 0;
		};
		D8A4BDD51A30045D003F9D0A /* Build configuration list for PBXNativeTarget "m34Tests" */ = {
			isa = XCConfigurationList;
			buildConfigurations = (
				D8A4BDD61A30045D003F9D0A /* Debug */,
				D8A4BDD71A30045D003F9D0A /* Release */,
			);
			defaultConfigurationIsVisible = 0;
		};
/* End XCConfigurationList section */
	};
	rootObject = D8A4BDA71A30045C003F9D0A /* Project object */;
}
